
Microsoft Visual Studio Solution File, Format Version 12.00
# Visual Studio 15
VisualStudioVersion = 15.0.27703.2026
MinimumVisualStudioVersion = 10.0.40219.1
Project("{FAE04EC0-301F-11D3-BF4B-00C04F79EFBC}") = "mf", "mf\mf.csproj", "{5A569896-B725-4423-9A01-60B7AD32F146}"
EndProject
Global
	GlobalSection(SolutionConfigurationPlatforms) = preSolution
		Debug|Any CPU = Debug|Any CPU
		Release|Any CPU = Release|Any CPU
	EndGlobalSection
	GlobalSection(ProjectConfigurationPlatforms) = postSolution
		{5A569896-B725-4423-9A01-60B7AD32F146}.Debug|Any CPU.ActiveCfg = Debug|Any CPU
		{5A569896-B725-4423-9A01-60B7AD32F146}.Debug|Any CPU.Build.0 = Debug|Any CPU
		{5A569896-B725-4423-9A01-60B7AD32F146}.Release|Any CPU.ActiveCfg = Release|Any CPU
		{5A569896-B725-4423-9A01-60B7AD32F146}.Release|Any CPU.Build.0 = Release|Any CPU
	EndGlobalSection
	GlobalSection(SolutionProperties) = preSolution
		HideSolutionNode = FALSE
	EndGlobalSection
	GlobalSection(ExtensibilityGlobals) = postSolution
		SolutionGuid = {A41C43E4-E31B-4EF3-ABA6-73483B203380}
	EndGlobalSection
EndGlobal
